
Microsoft Visual Studio Solution File, Format Version 12.00
# Visual Studio Version 17
VisualStudioVersion = 17.6.33829.357
MinimumVisualStudioVersion = 10.0.40219.1
Project("{FAE04EC0-301F-11D3-BF4B-00C04F79EFBC}") = "ip", "ip\ip.csproj", "{76F7C554-8C9D-46A2-A83C-76FCA0D2F224}"
EndProject
Global
	GlobalSection(SolutionConfigurationPlatforms) = preSolution
		Debug|Any CPU = Debug|Any CPU
		Release|Any CPU = Release|Any CPU
	EndGlobalSection
	GlobalSection(ProjectConfigurationPlatforms) = postSolution
		{76F7C554-8C9D-46A2-A83C-76FCA0D2F224}.Debug|Any CPU.ActiveCfg = Debug|Any CPU
		{76F7C554-8C9D-46A2-A83C-76FCA0D2F224}.Debug|Any CPU.Build.0 = Debug|Any CPU
		{76F7C554-8C9D-46A2-A83C-76FCA0D2F224}.Release|Any CPU.ActiveCfg = Release|Any CPU
		{76F7C554-8C9D-46A2-A83C-76FCA0D2F224}.Release|Any CPU.Build.0 = Release|Any CPU
	EndGlobalSection
	GlobalSection(SolutionProperties) = preSolution
		HideSolutionNode = FALSE
	EndGlobalSection
	GlobalSection(ExtensibilityGlobals) = postSolution
		SolutionGuid = {276F5E0D-F586-4635-9657-74E01ED9C429}
	EndGlobalSection
EndGlobal
